{
  "nodes": {
    "emacs-overlay": {
      "locked": {
        "lastModified": 1646039184,
        "narHash": "sha256-RXA8DpvrHZ2Mhkzn2kC4higVBrU0eCOXsUqdpe9XCJ0=",
        "owner": "nix-community",
        "repo": "emacs-overlay",
        "rev": "a0d6dbea94083b76155ec770f5147f8664573025",
        "type": "github"
      },
      "original": {
        "owner": "nix-community",
        "repo": "emacs-overlay",
        "type": "github"
      }
    },
    "flake-utils": {
      "locked": {
        "lastModified": 1644229661,
        "narHash": "sha256-1YdnJAsNy69bpcjuoKdOYQX0YxZBiCYZo4Twxerqv7k=",
        "owner": "numtide",
        "repo": "flake-utils",
        "rev": "3cecb5b042f7f209c56ffd8371b2711a290ec797",
        "type": "github"
      },
      "original": {
        "owner": "numtide",
        "repo": "flake-utils",
        "type": "github"
      }
    },
    "nixpkgs": {
      "locked": {
        "lastModified": 1646011258,
        "narHash": "sha256-+aen4zu5uVp52arEcgL2maCS0zQDuG1t+Azwd/O1gN4=",
        "owner": "NixOS",
        "repo": "nixpkgs",
        "rev": "a25df4c2b79c4343bcc72ad671200e5a3e286c41",
        "type": "github"
      },
      "original": {
        "owner": "NixOS",
        "ref": "nixos-21.11",
        "repo": "nixpkgs",
        "type": "github"
      }
    },
    "root": {
      "inputs": {
        "emacs-overlay": "emacs-overlay",
        "flake-utils": "flake-utils",
        "nixpkgs": "nixpkgs"
      }
    }
  },
  "root": "root",
  "version": 7
}
