{
  "nodes": {
    "emacs-overlay": {
      "locked": {
        "lastModified": 1635932289,
        "narHash": "sha256-kiSSWjOwH6G/cQF93HgnbYDXzt7GH25ID1W+kf/7/s4=",
        "owner": "nix-community",
        "repo": "emacs-overlay",
        "rev": "14162c1d4f1882a4fe2069cea9cd6f0c42c7bef3",
        "type": "github"
      },
      "original": {
        "owner": "nix-community",
        "repo": "emacs-overlay",
        "type": "github"
      }
    },
    "flake-utils": {
      "locked": {
        "lastModified": 1634851050,
        "narHash": "sha256-N83GlSGPJJdcqhUxSCS/WwW5pksYf3VP1M13cDRTSVA=",
        "owner": "numtide",
        "repo": "flake-utils",
        "rev": "c91f3de5adaf1de973b797ef7485e441a65b8935",
        "type": "github"
      },
      "original": {
        "owner": "numtide",
        "repo": "flake-utils",
        "type": "github"
      }
    },
    "nixpkgs": {
      "locked": {
        "lastModified": 1635806954,
        "narHash": "sha256-yX/zjbIL/HdXh8a92hWJ+31gsLLv7byA1XRuPARaLro=",
        "owner": "NixOS",
        "repo": "nixpkgs",
        "rev": "372e59d2af704bffd133cbe029f1d5efe73ba6fb",
        "type": "github"
      },
      "original": {
        "owner": "NixOS",
        "ref": "nixos-21.05",
        "repo": "nixpkgs",
        "type": "github"
      }
    },
    "root": {
      "inputs": {
        "emacs-overlay": "emacs-overlay",
        "flake-utils": "flake-utils",
        "nixpkgs": "nixpkgs"
      }
    }
  },
  "root": "root",
  "version": 7
}
